<?xml version="1.0" encoding="utf-8"?>
<Project ToolsVersion="4.0" xmlns="http://schemas.microsoft.com/developer/msbuild/2003">
  <ItemGroup>
    <Filter Include="Source Files">
      <UniqueIdentifier>{4FC737F1-C7A5-4376-A066-2A32D752A2FF}</UniqueIdentifier>
      <Extensions>cpp;c;cc;cxx;def;odl;idl;hpj;bat;asm;asmx</Extensions>
    </Filter>
    <Filter Include="Header Files">
      <UniqueIdentifier>{93995380-89BD-4b04-88EB-625FBE52EBFB}</UniqueIdentifier>
      <Extensions>h;hpp;hxx;hm;inl;inc;xsd</Extensions>
    </Filter>
  </ItemGroup>
  <ItemGroup>
    <ClCompile Include="entity.cpp">
      <Filter>Source Files</Filter>
    </ClCompile>
    <ClCompile Include="gridindex.cpp">
      <Filter>Source Files</Filter>
    </ClCompile>
    <ClCompile Include="lasio.cpp">
      <Filter>Source Files</Filter>
    </ClCompile>
    <ClCompile Include="Lassplitor.cpp">
      <Filter>Source Files</Filter>
    </ClCompile>
    <ClCompile Include="matrix.cpp">
      <Filter>Source Files</Filter>
    </ClCompile>
    <ClCompile Include="obafilter.cpp">
      <Filter>Source Files</Filter>
    </ClCompile>
    <ClCompile Include="predicates.cpp">
      <Filter>Source Files</Filter>
    </ClCompile>
    <ClCompile Include="tin.cpp">
      <Filter>Source Files</Filter>
    </ClCompile>
    <ClCompile Include="tinfilter.cpp">
      <Filter>Source Files</Filter>
    </ClCompile>
    <ClCompile Include="util.cpp">
      <Filter>Source Files</Filter>
    </ClCompile>
    <ClCompile Include="workspace.cpp">
      <Filter>Source Files</Filter>
    </ClCompile>
    <ClCompile Include="vegetationextractor.cpp">
      <Filter>Source Files</Filter>
    </ClCompile>
    <ClCompile Include="obasegment.cpp">
      <Filter>Source Files</Filter>
    </ClCompile>
    <ClCompile Include="seedgenerator.cpp">
      <Filter>Source Files</Filter>
    </ClCompile>
    <ClCompile Include="obaclassifier.cpp">
      <Filter>Source Files</Filter>
    </ClCompile>
    <ClCompile Include="gridfilter.cpp">
      <Filter>Source Files</Filter>
    </ClCompile>
  </ItemGroup>
  <ItemGroup>
    <ClInclude Include="entity.h">
      <Filter>Header Files</Filter>
    </ClInclude>
    <ClInclude Include="global.h">
      <Filter>Header Files</Filter>
    </ClInclude>
    <ClInclude Include="gridindex.h">
      <Filter>Header Files</Filter>
    </ClInclude>
    <ClInclude Include="lasio.h">
      <Filter>Header Files</Filter>
    </ClInclude>
    <ClInclude Include="lassplitor.h">
      <Filter>Header Files</Filter>
    </ClInclude>
    <ClInclude Include="matrix.h">
      <Filter>Header Files</Filter>
    </ClInclude>
    <ClInclude Include="obafilter.h">
      <Filter>Header Files</Filter>
    </ClInclude>
    <ClInclude Include="tin.h">
      <Filter>Header Files</Filter>
    </ClInclude>
    <ClInclude Include="tinfilter.h">
      <Filter>Header Files</Filter>
    </ClInclude>
    <ClInclude Include="util.h">
      <Filter>Header Files</Filter>
    </ClInclude>
    <ClInclude Include="workspace.h">
      <Filter>Header Files</Filter>
    </ClInclude>
    <ClInclude Include="vegetationextractor.h">
      <Filter>Header Files</Filter>
    </ClInclude>
    <ClInclude Include="obasegment.h">
      <Filter>Header Files</Filter>
    </ClInclude>
    <ClInclude Include="seedgenerator.h">
      <Filter>Header Files</Filter>
    </ClInclude>
    <ClInclude Include="obaclassifier.h">
      <Filter>Header Files</Filter>
    </ClInclude>
    <ClInclude Include="gridfilter.h">
      <Filter>Header Files</Filter>
    </ClInclude>
  </ItemGroup>
</Project>